
Microsoft Visual Studio Solution File, Format Version 12.00
# Visual Studio Version 17
VisualStudioVersion = 17.8.34408.163
MinimumVisualStudioVersion = 10.0.40219.1
Project("{2150E333-8FDC-42A3-9474-1A3956D46DE8}") = "1. Enterprise Business Rules", "1. Enterprise Business Rules", "{800B006A-9001-46E8-B5AE-19142FA7A95B}"
EndProject
Project("{2150E333-8FDC-42A3-9474-1A3956D46DE8}") = "2. Application Business Rules", "2. Application Business Rules", "{6C1DA073-B9AB-4DC9-B740-FFCD603E245E}"
EndProject
Project("{2150E333-8FDC-42A3-9474-1A3956D46DE8}") = "3. Interface Adapters", "3. Interface Adapters", "{A5CE4160-B7B6-455F-988E-3442D0FC3FDC}"
EndProject
Project("{2150E333-8FDC-42A3-9474-1A3956D46DE8}") = "4. Frameworks And Drivers", "4. Frameworks And Drivers", "{EA93A802-1DD0-491C-A200-A1FF8768C8D9}"
EndProject
Project("{9A19103F-16F7-4668-BE54-9A1E7A4F7556}") = "NorthWind.Entities", "NorthWind.Entities\NorthWind.Entities.csproj", "{C26C9062-B091-465D-B2FE-842C83D7DFC4}"
EndProject
Project("{9A19103F-16F7-4668-BE54-9A1E7A4F7556}") = "NorthWind.Sales.BusinessObjects", "NorthWind.Sales.BusinessObjects\NorthWind.Sales.BusinessObjects.csproj", "{C7EC8A71-01DD-4C80-A7EB-4826AE3A8DCA}"
EndProject
Project("{9A19103F-16F7-4668-BE54-9A1E7A4F7556}") = "NorthWind.Sales.UseCases", "NorthWind.Sales.UseCases\NorthWind.Sales.UseCases.csproj", "{128948BD-A60E-47F9-B9FF-0CCCB003CAB9}"
EndProject
Project("{2150E333-8FDC-42A3-9474-1A3956D46DE8}") = "Gateways", "Gateways", "{7B721BBC-E3F1-4974-95A0-A555608744B8}"
EndProject
Project("{2150E333-8FDC-42A3-9474-1A3956D46DE8}") = "Repositories", "Repositories", "{5E6DCFB9-1DDE-461F-8869-89CA3DAF4B72}"
EndProject
Project("{9A19103F-16F7-4668-BE54-9A1E7A4F7556}") = "NorthWind.EFCore.Repositories", "NorthWind.EFCore.Repositories\NorthWind.EFCore.Repositories.csproj", "{6BE88CDC-B499-4085-AE1F-C0891D3F97E7}"
EndProject
Project("{2150E333-8FDC-42A3-9474-1A3956D46DE8}") = "Presenters", "Presenters", "{BFE02403-24C1-4765-80AE-B2A8F235289E}"
EndProject
Project("{FAE04EC0-301F-11D3-BF4B-00C04F79EFBC}") = "NorthWind.Sales.Presenters", "NorthWind.Sales.Presenters\NorthWind.Sales.Presenters.csproj", "{BFDE9E94-D585-43AA-924A-6271F2B4CB69}"
EndProject
Project("{2150E333-8FDC-42A3-9474-1A3956D46DE8}") = "Controllers", "Controllers", "{7ED54ACD-9A1A-4FC6-A78B-A7DF05A15D34}"
EndProject
Project("{FAE04EC0-301F-11D3-BF4B-00C04F79EFBC}") = "NorthWind.Sales.Controllers", "NorthWind.Sales.Controllers\NorthWind.Sales.Controllers.csproj", "{9FB87F76-2237-48A8-9090-C49D7C13EB6D}"
EndProject
Project("{FAE04EC0-301F-11D3-BF4B-00C04F79EFBC}") = "NorthWind.Sales.IoC", "NorthWind.Sales.IoC\NorthWind.Sales.IoC.csproj", "{12243D24-EFC6-4E75-8552-F5963646C6EB}"
EndProject
Project("{2150E333-8FDC-42A3-9474-1A3956D46DE8}") = "UIs", "UIs", "{E3148050-F20A-4C9B-B23A-7CAE80D8C503}"
EndProject
Project("{FAE04EC0-301F-11D3-BF4B-00C04F79EFBC}") = "NorthWind.Sales.WebApi", "NorthWind.Sales.WebApi\NorthWind.Sales.WebApi.csproj", "{48E3E72C-D977-43D5-AD35-C3609BBEE22C}"
EndProject
Global
	GlobalSection(SolutionConfigurationPlatforms) = preSolution
		Debug|Any CPU = Debug|Any CPU
		Release|Any CPU = Release|Any CPU
	EndGlobalSection
	GlobalSection(ProjectConfigurationPlatforms) = postSolution
		{C26C9062-B091-465D-B2FE-842C83D7DFC4}.Debug|Any CPU.ActiveCfg = Debug|Any CPU
		{C26C9062-B091-465D-B2FE-842C83D7DFC4}.Debug|Any CPU.Build.0 = Debug|Any CPU
		{C26C9062-B091-465D-B2FE-842C83D7DFC4}.Release|Any CPU.ActiveCfg = Release|Any CPU
		{C26C9062-B091-465D-B2FE-842C83D7DFC4}.Release|Any CPU.Build.0 = Release|Any CPU
		{C7EC8A71-01DD-4C80-A7EB-4826AE3A8DCA}.Debug|Any CPU.ActiveCfg = Debug|Any CPU
		{C7EC8A71-01DD-4C80-A7EB-4826AE3A8DCA}.Debug|Any CPU.Build.0 = Debug|Any CPU
		{C7EC8A71-01DD-4C80-A7EB-4826AE3A8DCA}.Release|Any CPU.ActiveCfg = Release|Any CPU
		{C7EC8A71-01DD-4C80-A7EB-4826AE3A8DCA}.Release|Any CPU.Build.0 = Release|Any CPU
		{128948BD-A60E-47F9-B9FF-0CCCB003CAB9}.Debug|Any CPU.ActiveCfg = Debug|Any CPU
		{128948BD-A60E-47F9-B9FF-0CCCB003CAB9}.Debug|Any CPU.Build.0 = Debug|Any CPU
		{128948BD-A60E-47F9-B9FF-0CCCB003CAB9}.Release|Any CPU.ActiveCfg = Release|Any CPU
		{128948BD-A60E-47F9-B9FF-0CCCB003CAB9}.Release|Any CPU.Build.0 = Release|Any CPU
		{6BE88CDC-B499-4085-AE1F-C0891D3F97E7}.Debug|Any CPU.ActiveCfg = Debug|Any CPU
		{6BE88CDC-B499-4085-AE1F-C0891D3F97E7}.Debug|Any CPU.Build.0 = Debug|Any CPU
		{6BE88CDC-B499-4085-AE1F-C0891D3F97E7}.Release|Any CPU.ActiveCfg = Release|Any CPU
		{6BE88CDC-B499-4085-AE1F-C0891D3F97E7}.Release|Any CPU.Build.0 = Release|Any CPU
		{BFDE9E94-D585-43AA-924A-6271F2B4CB69}.Debug|Any CPU.ActiveCfg = Debug|Any CPU
		{BFDE9E94-D585-43AA-924A-6271F2B4CB69}.Debug|Any CPU.Build.0 = Debug|Any CPU
		{BFDE9E94-D585-43AA-924A-6271F2B4CB69}.Release|Any CPU.ActiveCfg = Release|Any CPU
		{BFDE9E94-D585-43AA-924A-6271F2B4CB69}.Release|Any CPU.Build.0 = Release|Any CPU
		{9FB87F76-2237-48A8-9090-C49D7C13EB6D}.Debug|Any CPU.ActiveCfg = Debug|Any CPU
		{9FB87F76-2237-48A8-9090-C49D7C13EB6D}.Debug|Any CPU.Build.0 = Debug|Any CPU
		{9FB87F76-2237-48A8-9090-C49D7C13EB6D}.Release|Any CPU.ActiveCfg = Release|Any CPU
		{9FB87F76-2237-48A8-9090-C49D7C13EB6D}.Release|Any CPU.Build.0 = Release|Any CPU
		{12243D24-EFC6-4E75-8552-F5963646C6EB}.Debug|Any CPU.ActiveCfg = Debug|Any CPU
		{12243D24-EFC6-4E75-8552-F5963646C6EB}.Debug|Any CPU.Build.0 = Debug|Any CPU
		{12243D24-EFC6-4E75-8552-F5963646C6EB}.Release|Any CPU.ActiveCfg = Release|Any CPU
		{12243D24-EFC6-4E75-8552-F5963646C6EB}.Release|Any CPU.Build.0 = Release|Any CPU
		{48E3E72C-D977-43D5-AD35-C3609BBEE22C}.Debug|Any CPU.ActiveCfg = Debug|Any CPU
		{48E3E72C-D977-43D5-AD35-C3609BBEE22C}.Debug|Any CPU.Build.0 = Debug|Any CPU
		{48E3E72C-D977-43D5-AD35-C3609BBEE22C}.Release|Any CPU.ActiveCfg = Release|Any CPU
		{48E3E72C-D977-43D5-AD35-C3609BBEE22C}.Release|Any CPU.Build.0 = Release|Any CPU
	EndGlobalSection
	GlobalSection(SolutionProperties) = preSolution
		HideSolutionNode = FALSE
	EndGlobalSection
	GlobalSection(NestedProjects) = preSolution
		{C26C9062-B091-465D-B2FE-842C83D7DFC4} = {800B006A-9001-46E8-B5AE-19142FA7A95B}
		{C7EC8A71-01DD-4C80-A7EB-4826AE3A8DCA} = {6C1DA073-B9AB-4DC9-B740-FFCD603E245E}
		{128948BD-A60E-47F9-B9FF-0CCCB003CAB9} = {6C1DA073-B9AB-4DC9-B740-FFCD603E245E}
		{7B721BBC-E3F1-4974-95A0-A555608744B8} = {A5CE4160-B7B6-455F-988E-3442D0FC3FDC}
		{5E6DCFB9-1DDE-461F-8869-89CA3DAF4B72} = {7B721BBC-E3F1-4974-95A0-A555608744B8}
		{6BE88CDC-B499-4085-AE1F-C0891D3F97E7} = {5E6DCFB9-1DDE-461F-8869-89CA3DAF4B72}
		{BFE02403-24C1-4765-80AE-B2A8F235289E} = {A5CE4160-B7B6-455F-988E-3442D0FC3FDC}
		{BFDE9E94-D585-43AA-924A-6271F2B4CB69} = {BFE02403-24C1-4765-80AE-B2A8F235289E}
		{7ED54ACD-9A1A-4FC6-A78B-A7DF05A15D34} = {A5CE4160-B7B6-455F-988E-3442D0FC3FDC}
		{9FB87F76-2237-48A8-9090-C49D7C13EB6D} = {7ED54ACD-9A1A-4FC6-A78B-A7DF05A15D34}
		{12243D24-EFC6-4E75-8552-F5963646C6EB} = {A5CE4160-B7B6-455F-988E-3442D0FC3FDC}
		{E3148050-F20A-4C9B-B23A-7CAE80D8C503} = {EA93A802-1DD0-491C-A200-A1FF8768C8D9}
		{48E3E72C-D977-43D5-AD35-C3609BBEE22C} = {E3148050-F20A-4C9B-B23A-7CAE80D8C503}
	EndGlobalSection
	GlobalSection(ExtensibilityGlobals) = postSolution
		SolutionGuid = {C3F7604C-BDBB-4FE9-88FB-FE07C9701F52}
	EndGlobalSection
EndGlobal
